
Microsoft Visual Studio Solution File, Format Version 12.00
# Visual Studio Version 17
VisualStudioVersion = 17.5.33414.496
MinimumVisualStudioVersion = 10.0.40219.1
Project("{9A19103F-16F7-4668-BE54-9A1E7A4F7556}") = "Katatsumuri", "Katatsumuri.csproj", "{5DF35B08-0197-4B67-8285-5D2E36C5D5E1}"
EndProject
Global
	GlobalSection(SolutionConfigurationPlatforms) = preSolution
		Debug|Any CPU = Debug|Any CPU
		Release|Any CPU = Release|Any CPU
	EndGlobalSection
	GlobalSection(ProjectConfigurationPlatforms) = postSolution
		{5DF35B08-0197-4B67-8285-5D2E36C5D5E1}.Debug|Any CPU.ActiveCfg = Debug|Any CPU
		{5DF35B08-0197-4B67-8285-5D2E36C5D5E1}.Debug|Any CPU.Build.0 = Debug|Any CPU
		{5DF35B08-0197-4B67-8285-5D2E36C5D5E1}.Release|Any CPU.ActiveCfg = Release|Any CPU
		{5DF35B08-0197-4B67-8285-5D2E36C5D5E1}.Release|Any CPU.Build.0 = Release|Any CPU
	EndGlobalSection
	GlobalSection(SolutionProperties) = preSolution
		HideSolutionNode = FALSE
	EndGlobalSection
	GlobalSection(ExtensibilityGlobals) = postSolution
		SolutionGuid = {0FD8BAA7-9F94-4D1D-8CCF-3FAD3D5B7F1D}
	EndGlobalSection
EndGlobal
